
Microsoft Visual Studio Solution File, Format Version 12.00
# Visual Studio Version 17
VisualStudioVersion = 17.2.32526.322
MinimumVisualStudioVersion = 10.0.40219.1
Project("{9A19103F-16F7-4668-BE54-9A1E7A4F7556}") = "CRUD-Funcionarios", "CRUD-Funcionarios.csproj", "{255D7E69-579E-45AE-8399-8F8ABF6EC810}"
EndProject
Global
	GlobalSection(SolutionConfigurationPlatforms) = preSolution
		Debug|Any CPU = Debug|Any CPU
		Release|Any CPU = Release|Any CPU
	EndGlobalSection
	GlobalSection(ProjectConfigurationPlatforms) = postSolution
		{255D7E69-579E-45AE-8399-8F8ABF6EC810}.Debug|Any CPU.ActiveCfg = Debug|Any CPU
		{255D7E69-579E-45AE-8399-8F8ABF6EC810}.Debug|Any CPU.Build.0 = Debug|Any CPU
		{255D7E69-579E-45AE-8399-8F8ABF6EC810}.Release|Any CPU.ActiveCfg = Release|Any CPU
		{255D7E69-579E-45AE-8399-8F8ABF6EC810}.Release|Any CPU.Build.0 = Release|Any CPU
	EndGlobalSection
	GlobalSection(SolutionProperties) = preSolution
		HideSolutionNode = FALSE
	EndGlobalSection
	GlobalSection(ExtensibilityGlobals) = postSolution
		SolutionGuid = {D615048F-C58B-438E-B070-24946052725A}
	EndGlobalSection
EndGlobal
